// !$*UTF8*$!
{
	archiveVersion = 1;
	classes = {
	};
	objectVersion = 56;
	objects = {

/* Begin PBXBuildFile section */
		6BCEE9532B725B4300787744 /* ExchangeInfoView.swift in Sources */ = {isa = PBXBuildFile; fileRef = 6BCEE9522B725B4300787744 /* ExchangeInfoView.swift */; };
		6BCEE9552B727C3800787744 /* CurrencySelectionView.swift in Sources */ = {isa = PBXBuildFile; fileRef = 6BCEE9542B727C3800787744 /* CurrencySelectionView.swift */; };
		6BCEE9572B72978B00787744 /* Currency.swift in Sources */ = {isa = PBXBuildFile; fileRef = 6BCEE9562B72978B00787744 /* Currency.swift */; };
		6BCEE9592B7299D400787744 /* CurrencyGridView.swift in Sources */ = {isa = PBXBuildFile; fileRef = 6BCEE9582B7299D400787744 /* CurrencyGridView.swift */; };
		6BCEE95B2B7502D200787744 /* CurrencyTip.swift in Sources */ = {isa = PBXBuildFile; fileRef = 6BCEE95A2B7502D200787744 /* CurrencyTip.swift */; };
		6BCFC3342B6CEE700022B88E /* LOTRConvertor_iOS17App.swift in Sources */ = {isa = PBXBuildFile; fileRef = 6BCFC3332B6CEE700022B88E /* LOTRConvertor_iOS17App.swift */; };
		6BCFC3362B6CEE700022B88E /* ContentView.swift in Sources */ = {isa = PBXBuildFile; fileRef = 6BCFC3352B6CEE700022B88E /* ContentView.swift */; };
		6BCFC3382B6CEE720022B88E /* Assets.xcassets in Resources */ = {isa = PBXBuildFile; fileRef = 6BCFC3372B6CEE720022B88E /* Assets.xcassets */; };
		6BCFC33B2B6CEE720022B88E /* Preview Assets.xcassets in Resources */ = {isa = PBXBuildFile; fileRef = 6BCFC33A2B6CEE720022B88E /* Preview Assets.xcassets */; };
/* End PBXBuildFile section */

/* Begin PBXFileReference section */
		6BCEE9522B725B4300787744 /* ExchangeInfoView.swift */ = {isa = PBXFileReference; lastKnownFileType = sourcecode.swift; path = ExchangeInfoView.swift; sourceTree = "<group>"; };
		6BCEE9542B727C3800787744 /* CurrencySelectionView.swift */ = {isa = PBXFileReference; lastKnownFileType = sourcecode.swift; path = CurrencySelectionView.swift; sourceTree = "<group>"; };
		6BCEE9562B72978B00787744 /* Currency.swift */ = {isa = PBXFileReference; lastKnownFileType = sourcecode.swift; path = Currency.swift; sourceTree = "<group>"; };
		6BCEE9582B7299D400787744 /* CurrencyGridView.swift */ = {isa = PBXFileReference; lastKnownFileType = sourcecode.swift; path = CurrencyGridView.swift; sourceTree = "<group>"; };
		6BCEE95A2B7502D200787744 /* CurrencyTip.swift */ = {isa = PBXFileReference; lastKnownFileType = sourcecode.swift; path = CurrencyTip.swift; sourceTree = "<group>"; };
		6BCFC3302B6CEE700022B88E /* LOTRConvertor_iOS17.app */ = {isa = PBXFileReference; explicitFileType = wrapper.application; includeInIndex = 0; path = LOTRConvertor_iOS17.app; sourceTree = BUILT_PRODUCTS_DIR; };
		6BCFC3332B6CEE700022B88E /* LOTRConvertor_iOS17App.swift */ = {isa = PBXFileReference; lastKnownFileType = sourcecode.swift; path = LOTRConvertor_iOS17App.swift; sourceTree = "<group>"; };
		6BCFC3352B6CEE700022B88E /* ContentView.swift */ = {isa = PBXFileReference; lastKnownFileType = sourcecode.swift; path = ContentView.swift; sourceTree = "<group>"; };
		6BCFC3372B6CEE720022B88E /* Assets.xcassets */ = {isa = PBXFileReference; lastKnownFileType = folder.assetcatalog; path = Assets.xcassets; sourceTree = "<group>"; };
		6BCFC33A2B6CEE720022B88E /* Preview Assets.xcassets */ = {isa = PBXFileReference; lastKnownFileType = folder.assetcatalog; path = "Preview Assets.xcassets"; sourceTree = "<group>"; };
/* End PBXFileReference section */

/* Begin PBXFrameworksBuildPhase section */
		6BCFC32D2B6CEE700022B88E /* Frameworks */ = {
			isa = PBXFrameworksBuildPhase;
			buildActionMask = 2147483647;
			files = (
			);
			runOnlyForDeploymentPostprocessing = 0;
		};
/* End PBXFrameworksBuildPhase section */

/* Begin PBXGroup section */
		6BCFC3272B6CEE700022B88E = {
			isa = PBXGroup;
			children = (
				6BCFC3322B6CEE700022B88E /* LOTRConvertor_iOS17 */,
				6BCFC3312B6CEE700022B88E /* Products */,
			);
			sourceTree = "<group>";
		};
		6BCFC3312B6CEE700022B88E /* Products */ = {
			isa = PBXGroup;
			children = (
				6BCFC3302B6CEE700022B88E /* LOTRConvertor_iOS17.app */,
			);
			name = Products;
			sourceTree = "<group>";
		};
		6BCFC3322B6CEE700022B88E /* LOTRConvertor_iOS17 */ = {
			isa = PBXGroup;
			children = (
				6BCFC3332B6CEE700022B88E /* LOTRConvertor_iOS17App.swift */,
				6BCFC3352B6CEE700022B88E /* ContentView.swift */,
				6BCEE9542B727C3800787744 /* CurrencySelectionView.swift */,
				6BCEE9582B7299D400787744 /* CurrencyGridView.swift */,
				6BCEE9522B725B4300787744 /* ExchangeInfoView.swift */,
				6BCEE9562B72978B00787744 /* Currency.swift */,
				6BCEE95A2B7502D200787744 /* CurrencyTip.swift */,
				6BCFC3372B6CEE720022B88E /* Assets.xcassets */,
				6BCFC3392B6CEE720022B88E /* Preview Content */,
			);
			path = LOTRConvertor_iOS17;
			sourceTree = "<group>";
		};
		6BCFC3392B6CEE720022B88E /* Preview Content */ = {
			isa = PBXGroup;
			children = (
				6BCFC33A2B6CEE720022B88E /* Preview Assets.xcassets */,
			);
			path = "Preview Content";
			sourceTree = "<group>";
		};
/* End PBXGroup section */

/* Begin PBXNativeTarget section */
		6BCFC32F2B6CEE700022B88E /* LOTRConvertor_iOS17 */ = {
			isa = PBXNativeTarget;
			buildConfigurationList = 6BCFC33E2B6CEE720022B88E /* Build configuration list for PBXNativeTarget "LOTRConvertor_iOS17" */;
			buildPhases = (
				6BCFC32C2B6CEE700022B88E /* Sources */,
				6BCFC32D2B6CEE700022B88E /* Frameworks */,
				6BCFC32E2B6CEE700022B88E /* Resources */,
			);
			buildRules = (
			);
			dependencies = (
			);
			name = LOTRConvertor_iOS17;
			productName = LOTRConvertor_iOS17;
			productReference = 6BCFC3302B6CEE700022B88E /* LOTRConvertor_iOS17.app */;
			productType = "com.apple.product-type.application";
		};
/* End PBXNativeTarget section */

/* Begin PBXProject section */
		6BCFC3282B6CEE700022B88E /* Project object */ = {
			isa = PBXProject;
			attributes = {
				BuildIndependentTargetsInParallel = 1;
				LastSwiftUpdateCheck = 1500;
				LastUpgradeCheck = 1500;
				TargetAttributes = {
					6BCFC32F2B6CEE700022B88E = {
						CreatedOnToolsVersion = 15.0.1;
					};
				};
			};
			buildConfigurationList = 6BCFC32B2B6CEE700022B88E /* Build configuration list for PBXProject "LOTRConvertor_iOS17" */;
			compatibilityVersion = "Xcode 14.0";
			developmentRegion = en;
			hasScannedForEncodings = 0;
			knownRegions = (
				en,
				Base,
			);
			mainGroup = 6BCFC3272B6CEE700022B88E;
			productRefGroup = 6BCFC3312B6CEE700022B88E /* Products */;
			projectDirPath = "";
			projectRoot = "";
			targets = (
				6BCFC32F2B6CEE700022B88E /* LOTRConvertor_iOS17 */,
			);
		};
/* End PBXProject section */

/* Begin PBXResourcesBuildPhase section */
		6BCFC32E2B6CEE700022B88E /* Resources */ = {
			isa = PBXResourcesBuildPhase;
			buildActionMask = 2147483647;
			files = (
				6BCFC33B2B6CEE720022B88E /* Preview Assets.xcassets in Resources */,
				6BCFC3382B6CEE720022B88E /* Assets.xcassets in Resources */,
			);
			runOnlyForDeploymentPostprocessing = 0;
		};
/* End PBXResourcesBuildPhase section */

/* Begin PBXSourcesBuildPhase section */
		6BCFC32C2B6CEE700022B88E /* Sources */ = {
			isa = PBXSourcesBuildPhase;
			buildActionMask = 2147483647;
			files = (
				6BCFC3362B6CEE700022B88E /* ContentView.swift in Sources */,
				6BCEE9592B7299D400787744 /* CurrencyGridView.swift in Sources */,
				6BCEE95B2B7502D200787744 /* CurrencyTip.swift in Sources */,
				6BCEE9572B72978B00787744 /* Currency.swift in Sources */,
				6BCFC3342B6CEE700022B88E /* LOTRConvertor_iOS17App.swift in Sources */,
				6BCEE9552B727C3800787744 /* CurrencySelectionView.swift in Sources */,
				6BCEE9532B725B4300787744 /* ExchangeInfoView.swift in Sources */,
			);
			runOnlyForDeploymentPostprocessing = 0;
		};
/* End PBXSourcesBuildPhase section */

/* Begin XCBuildConfiguration section */
		6BCFC33C2B6CEE720022B88E /* Debug */ = {
			isa = XCBuildConfiguration;
			buildSettings = {
				ALWAYS_SEARCH_USER_PATHS = NO;
				ASSETCATALOG_COMPILER_GENERATE_SWIFT_ASSET_SYMBOL_EXTENSIONS = YES;
				CLANG_ANALYZER_NONNULL = YES;
				CLANG_ANALYZER_NUMBER_OBJECT_CONVERSION = YES_AGGRESSIVE;
				CLANG_CXX_LANGUAGE_STANDARD = "gnu++20";
				CLANG_ENABLE_MODULES = YES;
				CLANG_ENABLE_OBJC_ARC = YES;
				CLANG_ENABLE_OBJC_WEAK = YES;
				CLANG_WARN_BLOCK_CAPTURE_AUTORELEASING = YES;
				CLANG_WARN_BOOL_CONVERSION = YES;
				CLANG_WARN_COMMA = YES;
				CLANG_WARN_CONSTANT_CONVERSION = YES;
				CLANG_WARN_DEPRECATED_OBJC_IMPLEMENTATIONS = YES;
				CLANG_WARN_DIRECT_OBJC_ISA_USAGE = YES_ERROR;
				CLANG_WARN_DOCUMENTATION_COMMENTS = YES;
				CLANG_WARN_EMPTY_BODY = YES;
				CLANG_WARN_ENUM_CONVERSION = YES;
				CLANG_WARN_INFINITE_RECURSION = YES;
				CLANG_WARN_INT_CONVERSION = YES;
				CLANG_WARN_NON_LITERAL_NULL_CONVERSION = YES;
				CLANG_WARN_OBJC_IMPLICIT_RETAIN_SELF = YES;
				CLANG_WARN_OBJC_LITERAL_CONVERSION = YES;
				CLANG_WARN_OBJC_ROOT_CLASS = YES_ERROR;
				CLANG_WARN_QUOTED_INCLUDE_IN_FRAMEWORK_HEADER = YES;
				CLANG_WARN_RANGE_LOOP_ANALYSIS = YES;
				CLANG_WARN_STRICT_PROTOTYPES = YES;
				CLANG_WARN_SUSPICIOUS_MOVE = YES;
				CLANG_WARN_UNGUARDED_AVAILABILITY = YES_AGGRESSIVE;
				CLANG_WARN_UNREACHABLE_CODE = YES;
				CLANG_WARN__DUPLICATE_METHOD_MATCH = YES;
				COPY_PHASE_STRIP = NO;
				DEBUG_INFORMATION_FORMAT = dwarf;
				ENABLE_STRICT_OBJC_MSGSEND = YES;
				ENABLE_TESTABILITY = YES;
				ENABLE_USER_SCRIPT_SANDBOXING = YES;
				GCC_C_LANGUAGE_STANDARD = gnu17;
				GCC_DYNAMIC_NO_PIC = NO;
				GCC_NO_COMMON_BLOCKS = YES;
				GCC_OPTIMIZATION_LEVEL = 0;
				GCC_PREPROCESSOR_DEFINITIONS = (
					"DEBUG=1",
					"$(inherited)",
				);
				GCC_WARN_64_TO_32_BIT_CONVERSION = YES;
				GCC_WARN_ABOUT_RETURN_TYPE = YES_ERROR;
				GCC_WARN_UNDECLARED_SELECTOR = YES;
				GCC_WARN_UNINITIALIZED_AUTOS = YES_AGGRESSIVE;
				GCC_WARN_UNUSED_FUNCTION = YES;
				GCC_WARN_UNUSED_VARIABLE = YES;
				IPHONEOS_DEPLOYMENT_TARGET = 17.0;
				LOCALIZATION_PREFERS_STRING_CATALOGS = YES;
				MTL_ENABLE_DEBUG_INFO = INCLUDE_SOURCE;
				MTL_FAST_MATH = YES;
				ONLY_ACTIVE_ARCH = YES;
				SDKROOT = iphoneos;
				SWIFT_ACTIVE_COMPILATION_CONDITIONS = "DEBUG $(inherited)";
				SWIFT_OPTIMIZATION_LEVEL = "-Onone";
			};
			name = Debug;
		};
		6BCFC33D2B6CEE720022B88E /* Release */ = {
			isa = XCBuildConfiguration;
			buildSettings = {
				ALWAYS_SEARCH_USER_PATHS = NO;
				ASSETCATALOG_COMPILER_GENERATE_SWIFT_ASSET_SYMBOL_EXTENSIONS = YES;
				CLANG_ANALYZER_NONNULL = YES;
				CLANG_ANALYZER_NUMBER_OBJECT_CONVERSION = YES_AGGRESSIVE;
				CLANG_CXX_LANGUAGE_STANDARD = "gnu++20";
				CLANG_ENABLE_MODULES = YES;
				CLANG_ENABLE_OBJC_ARC = YES;
				CLANG_ENABLE_OBJC_WEAK = YES;
				CLANG_WARN_BLOCK_CAPTURE_AUTORELEASING = YES;
				CLANG_WARN_BOOL_CONVERSION = YES;
				CLANG_WARN_COMMA = YES;
				CLANG_WARN_CONSTANT_CONVERSION = YES;
				CLANG_WARN_DEPRECATED_OBJC_IMPLEMENTATIONS = YES;
				CLANG_WARN_DIRECT_OBJC_ISA_USAGE = YES_ERROR;
				CLANG_WARN_DOCUMENTATION_COMMENTS = YES;
				CLANG_WARN_EMPTY_BODY = YES;
				CLANG_WARN_ENUM_CONVERSION = YES;
				CLANG_WARN_INFINITE_RECURSION = YES;
				CLANG_WARN_INT_CONVERSION = YES;
				CLANG_WARN_NON_LITERAL_NULL_CONVERSION = YES;
				CLANG_WARN_OBJC_IMPLICIT_RETAIN_SELF = YES;
				CLANG_WARN_OBJC_LITERAL_CONVERSION = YES;
				CLANG_WARN_OBJC_ROOT_CLASS = YES_ERROR;
				CLANG_WARN_QUOTED_INCLUDE_IN_FRAMEWORK_HEADER = YES;
				CLANG_WARN_RANGE_LOOP_ANALYSIS = YES;
				CLANG_WARN_STRICT_PROTOTYPES = YES;
				CLANG_WARN_SUSPICIOUS_MOVE = YES;
				CLANG_WARN_UNGUARDED_AVAILABILITY = YES_AGGRESSIVE;
				CLANG_WARN_UNREACHABLE_CODE = YES;
				CLANG_WARN__DUPLICATE_METHOD_MATCH = YES;
				COPY_PHASE_STRIP = NO;
				DEBUG_INFORMATION_FORMAT = "dwarf-with-dsym";
				ENABLE_NS_ASSERTIONS = NO;
				ENABLE_STRICT_OBJC_MSGSEND = YES;
				ENABLE_USER_SCRIPT_SANDBOXING = YES;
				GCC_C_LANGUAGE_STANDARD = gnu17;
				GCC_NO_COMMON_BLOCKS = YES;
				GCC_WARN_64_TO_32_BIT_CONVERSION = YES;
				GCC_WARN_ABOUT_RETURN_TYPE = YES_ERROR;
				GCC_WARN_UNDECLARED_SELECTOR = YES;
				GCC_WARN_UNINITIALIZED_AUTOS = YES_AGGRESSIVE;
				GCC_WARN_UNUSED_FUNCTION = YES;
				GCC_WARN_UNUSED_VARIABLE = YES;
				IPHONEOS_DEPLOYMENT_TARGET = 17.0;
				LOCALIZATION_PREFERS_STRING_CATALOGS = YES;
				MTL_ENABLE_DEBUG_INFO = NO;
				MTL_FAST_MATH = YES;
				SDKROOT = iphoneos;
				SWIFT_COMPILATION_MODE = wholemodule;
				VALIDATE_PRODUCT = YES;
			};
			name = Release;
		};
		6BCFC33F2B6CEE720022B88E /* Debug */ = {
			isa = XCBuildConfiguration;
			buildSettings = {
				ASSETCATALOG_COMPILER_APPICON_NAME = AppIcon;
				ASSETCATALOG_COMPILER_GLOBAL_ACCENT_COLOR_NAME = AccentColor;
				CODE_SIGN_STYLE = Automatic;
				CURRENT_PROJECT_VERSION = 1;
				DEVELOPMENT_ASSET_PATHS = "\"LOTRConvertor_iOS17/Preview Content\"";
				DEVELOPMENT_TEAM = 3Y99VLT385;
				ENABLE_PREVIEWS = YES;
				GENERATE_INFOPLIST_FILE = YES;
				INFOPLIST_KEY_UIApplicationSceneManifest_Generation = YES;
				INFOPLIST_KEY_UIApplicationSupportsIndirectInputEvents = YES;
				INFOPLIST_KEY_UILaunchScreen_Generation = YES;
				INFOPLIST_KEY_UISupportedInterfaceOrientations_iPad = "UIInterfaceOrientationPortrait UIInterfaceOrientationPortraitUpsideDown UIInterfaceOrientationLandscapeLeft UIInterfaceOrientationLandscapeRight";
				INFOPLIST_KEY_UISupportedInterfaceOrientations_iPhone = "UIInterfaceOrientationPortrait UIInterfaceOrientationLandscapeLeft UIInterfaceOrientationLandscapeRight";
				LD_RUNPATH_SEARCH_PATHS = (
					"$(inherited)",
					"@executable_path/Frameworks",
				);
				MARKETING_VERSION = 1.0;
				PRODUCT_BUNDLE_IDENTIFIER = "com.nitish.LOTRConvertor-iOS17";
				PRODUCT_NAME = "$(TARGET_NAME)";
				SWIFT_EMIT_LOC_STRINGS = YES;
				SWIFT_VERSION = 5.0;
				TARGETED_DEVICE_FAMILY = "1,2";
			};
			name = Debug;
		};
		6BCFC3402B6CEE720022B88E /* Release */ = {
			isa = XCBuildConfiguration;
			buildSettings = {
				ASSETCATALOG_COMPILER_APPICON_NAME = AppIcon;
				ASSETCATALOG_COMPILER_GLOBAL_ACCENT_COLOR_NAME = AccentColor;
				CODE_SIGN_STYLE = Automatic;
				CURRENT_PROJECT_VERSION = 1;
				DEVELOPMENT_ASSET_PATHS = "\"LOTRConvertor_iOS17/Preview Content\"";
				DEVELOPMENT_TEAM = 3Y99VLT385;
				ENABLE_PREVIEWS = YES;
				GENERATE_INFOPLIST_FILE = YES;
				INFOPLIST_KEY_UIApplicationSceneManifest_Generation = YES;
				INFOPLIST_KEY_UIApplicationSupportsIndirectInputEvents = YES;
				INFOPLIST_KEY_UILaunchScreen_Generation = YES;
				INFOPLIST_KEY_UISupportedInterfaceOrientations_iPad = "UIInterfaceOrientationPortrait UIInterfaceOrientationPortraitUpsideDown UIInterfaceOrientationLandscapeLeft UIInterfaceOrientationLandscapeRight";
				INFOPLIST_KEY_UISupportedInterfaceOrientations_iPhone = "UIInterfaceOrientationPortrait UIInterfaceOrientationLandscapeLeft UIInterfaceOrientationLandscapeRight";
				LD_RUNPATH_SEARCH_PATHS = (
					"$(inherited)",
					"@executable_path/Frameworks",
				);
				MARKETING_VERSION = 1.0;
				PRODUCT_BUNDLE_IDENTIFIER = "com.nitish.LOTRConvertor-iOS17";
				PRODUCT_NAME = "$(TARGET_NAME)";
				SWIFT_EMIT_LOC_STRINGS = YES;
				SWIFT_VERSION = 5.0;
				TARGETED_DEVICE_FAMILY = "1,2";
			};
			name = Release;
		};
/* End XCBuildConfiguration section */

/* Begin XCConfigurationList section */
		6BCFC32B2B6CEE700022B88E /* Build configuration list for PBXProject "LOTRConvertor_iOS17" */ = {
			isa = XCConfigurationList;
			buildConfigurations = (
				6BCFC33C2B6CEE720022B88E /* Debug */,
				6BCFC33D2B6CEE720022B88E /* Release */,
			);
			defaultConfigurationIsVisible = 0;
			defaultConfigurationName = Release;
		};
		6BCFC33E2B6CEE720022B88E /* Build configuration list for PBXNativeTarget "LOTRConvertor_iOS17" */ = {
			isa = XCConfigurationList;
			buildConfigurations = (
				6BCFC33F2B6CEE720022B88E /* Debug */,
				6BCFC3402B6CEE720022B88E /* Release */,
			);
			defaultConfigurationIsVisible = 0;
			defaultConfigurationName = Release;
		};
/* End XCConfigurationList section */
	};
	rootObject = 6BCFC3282B6CEE700022B88E /* Project object */;
}
